
Microsoft Visual Studio Solution File, Format Version 12.00
# Visual Studio Version 17
VisualStudioVersion = 17.8.34219.65
MinimumVisualStudioVersion = 10.0.40219.1
Project("{FAE04EC0-301F-11D3-BF4B-00C04F79EFBC}") = "yazgel_proje", "yazgel_proje\yazgel_proje.csproj", "{37E966A1-CEE7-46BC-B4F7-FB6C68677371}"
EndProject
Global
	GlobalSection(SolutionConfigurationPlatforms) = preSolution
		Debug|Any CPU = Debug|Any CPU
		Release|Any CPU = Release|Any CPU
	EndGlobalSection
	GlobalSection(ProjectConfigurationPlatforms) = postSolution
		{37E966A1-CEE7-46BC-B4F7-FB6C68677371}.Debug|Any CPU.ActiveCfg = Debug|Any CPU
		{37E966A1-CEE7-46BC-B4F7-FB6C68677371}.Debug|Any CPU.Build.0 = Debug|Any CPU
		{37E966A1-CEE7-46BC-B4F7-FB6C68677371}.Release|Any CPU.ActiveCfg = Release|Any CPU
		{37E966A1-CEE7-46BC-B4F7-FB6C68677371}.Release|Any CPU.Build.0 = Release|Any CPU
	EndGlobalSection
	GlobalSection(SolutionProperties) = preSolution
		HideSolutionNode = FALSE
	EndGlobalSection
	GlobalSection(ExtensibilityGlobals) = postSolution
		SolutionGuid = {7E1AFFEE-D9D6-4057-A398-6B95EE8AE7F6}
	EndGlobalSection
EndGlobal
